
Microsoft Visual Studio Solution File, Format Version 12.00
# Visual Studio 14
VisualStudioVersion = 14.0.25420.1
MinimumVisualStudioVersion = 10.0.40219.1
Project("{FAE04EC0-301F-11D3-BF4B-00C04F79EFBC}") = "Hausthy.AppReader", "AppReader\Hausthy.AppReader.csproj", "{DD9D779C-4684-4786-A3BF-F928DFA24A39}"
EndProject
Project("{FAE04EC0-301F-11D3-BF4B-00C04F79EFBC}") = "Hausthy.AppReader.UnitTest", "AppReader.UnitTest\Hausthy.AppReader.UnitTest.csproj", "{652E1411-65F9-4323-9D42-741665D192BE}"
EndProject
Global
	GlobalSection(SolutionConfigurationPlatforms) = preSolution
		Debug|Any CPU = Debug|Any CPU
		Release|Any CPU = Release|Any CPU
	EndGlobalSection
	GlobalSection(ProjectConfigurationPlatforms) = postSolution
		{DD9D779C-4684-4786-A3BF-F928DFA24A39}.Debug|Any CPU.ActiveCfg = Debug|Any CPU
		{DD9D779C-4684-4786-A3BF-F928DFA24A39}.Debug|Any CPU.Build.0 = Debug|Any CPU
		{DD9D779C-4684-4786-A3BF-F928DFA24A39}.Release|Any CPU.ActiveCfg = Release|Any CPU
		{DD9D779C-4684-4786-A3BF-F928DFA24A39}.Release|Any CPU.Build.0 = Release|Any CPU
		{652E1411-65F9-4323-9D42-741665D192BE}.Debug|Any CPU.ActiveCfg = Debug|Any CPU
		{652E1411-65F9-4323-9D42-741665D192BE}.Debug|Any CPU.Build.0 = Debug|Any CPU
		{652E1411-65F9-4323-9D42-741665D192BE}.Release|Any CPU.ActiveCfg = Release|Any CPU
		{652E1411-65F9-4323-9D42-741665D192BE}.Release|Any CPU.Build.0 = Release|Any CPU
	EndGlobalSection
	GlobalSection(SolutionProperties) = preSolution
		HideSolutionNode = FALSE
	EndGlobalSection
EndGlobal
